lockfileVersion: '9.0'

settings:
  autoInstallPeers: true
  excludeLinksFromLockfile: false

importers:

  .:
    devDependencies:
      '@biomejs/biome':
        specifier: ^2.2.4
        version: 2.2.4
      turbo:
        specifier: ^2.5.8
        version: 2.5.8

  apps/generic-consumer:
    dependencies:
      '@platformatic/kafka':
        specifier: ^1.14.0
        version: 1.14.0
      dotenv:
        specifier: ^17.2.2
        version: 17.2.2
      redis:
        specifier: ^5.8.2
        version: 5.8.2
      zod:
        specifier: ^4.1.11
        version: 4.1.11
    devDependencies:
      '@repo/tsconfig':
        specifier: workspace:*
        version: link:../../packages/tsconfig
      '@types/node':
        specifier: ^24.5.2
        version: 24.5.2
      '@typescript/native-preview':
        specifier: 7.0.0-dev.20250926.1
        version: 7.0.0-dev.20250926.1
      tsdown:
        specifier: ^0.15.5
        version: 0.15.5(@typescript/native-preview@7.0.0-dev.20250926.1)(typescript@5.9.2)

  apps/generic-producer:
    dependencies:
      '@platformatic/kafka':
        specifier: ^1.14.0
        version: 1.14.0
      dotenv:
        specifier: ^17.2.2
        version: 17.2.2
      nanoid:
        specifier: ^5.0.7
        version: 5.1.6
      zod:
        specifier: ^4.1.11
        version: 4.1.11
    devDependencies:
      '@repo/tsconfig':
        specifier: workspace:*
        version: link:../../packages/tsconfig
      '@types/node':
        specifier: ^24.5.2
        version: 24.5.2
      '@typescript/native-preview':
        specifier: 7.0.0-dev.20250926.1
        version: 7.0.0-dev.20250926.1
      tsdown:
        specifier: ^0.15.5
        version: 0.15.5(@typescript/native-preview@7.0.0-dev.20250926.1)(typescript@5.9.2)

  packages/tsconfig: {}

packages:

  '@antoniomuso/lz4-napi-android-arm-eabi@2.9.0':
    resolution: {integrity: sha512-aeT/9SoWq7rnmzssWuCKUPaxVt3fzE9q+xq/ZHbnUSmrm8/EhLOACMvQeCOnL0IZsmPh8EpuwIE1TZyM9iQPRA==}
    engines: {node: '>= 10'}
    cpu: [arm]
    os: [android]

  '@antoniomuso/lz4-napi-android-arm64@2.9.0':
    resolution: {integrity: sha512-ibQ0qiEvmljXAM97IgOZfh+PeiSQ0Rqf2HErJlZPVm2v4GVJoB67v21v1TUydqNNV5L8bwufVoZ90nheL8X9ZA==}
    engines: {node: '>= 10'}
    cpu: [arm64]
    os: [android]

  '@antoniomuso/lz4-napi-darwin-arm64@2.9.0':
    resolution: {integrity: sha512-1su4K1MWa4bcWoZlHajv+luGmFDV1JwIsvjtDF+0HhUveSDPP+8A4Z34zOZidURIr08Sl7M7ViPth6ZQ9SqnAA==}
    engines: {node: '>= 10'}
    cpu: [arm64]
    os: [darwin]

  '@antoniomuso/lz4-napi-darwin-x64@2.9.0':
    resolution: {integrity: sha512-8Lnbm2MkdJtiJ/nbcRS9zRyGp3G0sG6D+Y/x1vTP8nZs3/f8tBwYNsjxCQyyXNNyHcYWwVGbk68onP/pyDljOA==}
    engines: {node: '>= 10'}
    cpu: [x64]
    os: [darwin]

  '@antoniomuso/lz4-napi-freebsd-x64@2.9.0':
    resolution: {integrity: sha512-k04EMVOjntKDPrdR4Tf8WyNseuk9PTtSGw8WHyp4CTjoR1s+YJxtp9SMnThe5o2q0TATwk8WGYb/Howrp5OMxw==}
    engines: {node: '>= 10'}
    cpu: [x64]
    os: [freebsd]

  '@antoniomuso/lz4-napi-linux-arm-gnueabihf@2.9.0':
    resolution: {integrity: sha512-H92F8zPZmgy2r8IhCWh3qIBfLp2BQ5cp18RoDXhtGFWwkh+5gVWrZp11IVznrsdgB0QeW0VR7dAMMHg3WLOPfA==}
    engines: {node: '>= 10'}
    cpu: [arm]
    os: [linux]

  '@antoniomuso/lz4-napi-linux-arm64-gnu@2.9.0':
    resolution: {integrity: sha512-25crh0qs/3Rj3fMI8ulYD0DoaKsidUhMBki2aeO69ZK+F8bmQ/e2++FlgJ6f3EgMP5CNxJtnZXKhPOraQWjwAw==}
    engines: {node: '>= 10'}
    cpu: [arm64]
    os: [linux]

  '@antoniomuso/lz4-napi-linux-arm64-musl@2.9.0':
    resolution: {integrity: sha512-eJtHp38zuLaYI0/cOV/BKcNQiXUBo4GPx53FTf0Y307yUjLsn48LNeN0vD28Ct9YrbUae3bQvMD5AD86She0ww==}
    engines: {node: '>= 10'}
    cpu: [arm64]
    os: [linux]

  '@antoniomuso/lz4-napi-linux-x64-gnu@2.9.0':
    resolution: {integrity: sha512-mDjS4dyjRKaZQcAP71SphkYH5r3kufB30ih/VETVu/br2toCfBk6Zr1xhL1r+L7FaVAFzF62B7h30CiqrN0Awg==}
    engines: {node: '>= 10'}
    cpu: [x64]
    os: [linux]

  '@antoniomuso/lz4-napi-linux-x64-musl@2.9.0':
    resolution: {integrity: sha512-pvU7Z7qjkjn17NkddBtBQ7C2iRqjtZ7WJ3Jqrjtj4XxolY3Q0HaYMvWjkWhzb9AKGZbj5y+EHYtbVoZJ2TSQhQ==}
    engines: {node: '>= 10'}
    cpu: [x64]
    os: [linux]

  '@antoniomuso/lz4-napi-win32-arm64-msvc@2.9.0':
    resolution: {integrity: sha512-aioLlbpJl0QPEXLXhh2bzyitc3T7Jot3f1ap6WdKiRa+CIjMHXw1nxJXy07MLXif10r+qVZr86ic8dvwErgqEQ==}
    engines: {node: '>= 10'}
    cpu: [arm64]
    os: [win32]

  '@antoniomuso/lz4-napi-win32-ia32-msvc@2.9.0':
    resolution: {integrity: sha512-VaF4XMTdYb59TsPsiqnWwsNaWKHhgxF33z5p4zg4n0tp20eWozl76hn8B+aXthSs40W0W1N97QhxxV4oXGd8cg==}
    engines: {node: '>= 10'}
    cpu: [ia32]
    os: [win32]

  '@antoniomuso/lz4-napi-win32-x64-msvc@2.9.0':
    resolution: {integrity: sha512-wfA8ShO3eGLxJ1LDwXJo87XL2D4NkMJV1pfHPvLZpD0MWb9u8VfgS+gKK5YhT7XKjzVdeIna9jgFdn2HBnZBxA==}
    engines: {node: '>= 10'}
    cpu: [x64]
    os: [win32]

  '@babel/generator@7.28.3':
    resolution: {integrity: sha512-3lSpxGgvnmZznmBkCRnVREPUFJv2wrv9iAoFDvADJc0ypmdOxdUtcLeBgBJ6zE0PMeTKnxeQzyk0xTBq4Ep7zw==}
    engines: {node: '>=6.9.0'}

  '@babel/helper-string-parser@7.27.1':
    resolution: {integrity: sha512-qMlSxKbpRlAridDExk92nSobyDdpPijUq2DW6oDnUqd0iOGxmQjyqhMIihI9+zv4LPyZdRje2cavWPbCbWm3eA==}
    engines: {node: '>=6.9.0'}

  '@babel/helper-validator-identifier@7.27.1':
    resolution: {integrity: sha512-D2hP9eA+Sqx1kBZgzxZh0y1trbuU+JoDkiEwqhQ36nodYqJwyEIhPSdMNd7lOm/4io72luTPWH20Yda0xOuUow==}
    engines: {node: '>=6.9.0'}

  '@babel/parser@7.28.4':
    resolution: {integrity: sha512-yZbBqeM6TkpP9du/I2pUZnJsRMGGvOuIrhjzC1AwHwW+6he4mni6Bp/m8ijn0iOuZuPI2BfkCoSRunpyjnrQKg==}
    engines: {node: '>=6.0.0'}
    hasBin: true

  '@babel/types@7.28.4':
    resolution: {integrity: sha512-bkFqkLhh3pMBUQQkpVgWDWq/lqzc2678eUyDlTBhRqhCHFguYYGM0Efga7tYk4TogG/3x0EEl66/OQ+WGbWB/Q==}
    engines: {node: '>=6.9.0'}

  '@biomejs/biome@2.2.4':
    resolution: {integrity: sha512-TBHU5bUy/Ok6m8c0y3pZiuO/BZoY/OcGxoLlrfQof5s8ISVwbVBdFINPQZyFfKwil8XibYWb7JMwnT8wT4WVPg==}
    engines: {node: '>=14.21.3'}
    hasBin: true

  '@biomejs/cli-darwin-arm64@2.2.4':
    resolution: {integrity: sha512-RJe2uiyaloN4hne4d2+qVj3d3gFJFbmrr5PYtkkjei1O9c+BjGXgpUPVbi8Pl8syumhzJjFsSIYkcLt2VlVLMA==}
    engines: {node: '>=14.21.3'}
    cpu: [arm64]
    os: [darwin]

  '@biomejs/cli-darwin-x64@2.2.4':
    resolution: {integrity: sha512-cFsdB4ePanVWfTnPVaUX+yr8qV8ifxjBKMkZwN7gKb20qXPxd/PmwqUH8mY5wnM9+U0QwM76CxFyBRJhC9tQwg==}
    engines: {node: '>=14.21.3'}
    cpu: [x64]
    os: [darwin]

  '@biomejs/cli-linux-arm64-musl@2.2.4':
    resolution: {integrity: sha512-7TNPkMQEWfjvJDaZRSkDCPT/2r5ESFPKx+TEev+I2BXDGIjfCZk2+b88FOhnJNHtksbOZv8ZWnxrA5gyTYhSsQ==}
    engines: {node: '>=14.21.3'}
    cpu: [arm64]
    os: [linux]

  '@biomejs/cli-linux-arm64@2.2.4':
    resolution: {integrity: sha512-M/Iz48p4NAzMXOuH+tsn5BvG/Jb07KOMTdSVwJpicmhN309BeEyRyQX+n1XDF0JVSlu28+hiTQ2L4rZPvu7nMw==}
    engines: {node: '>=14.21.3'}
    cpu: [arm64]
    os: [linux]

  '@biomejs/cli-linux-x64-musl@2.2.4':
    resolution: {integrity: sha512-m41nFDS0ksXK2gwXL6W6yZTYPMH0LughqbsxInSKetoH6morVj43szqKx79Iudkp8WRT5SxSh7qVb8KCUiewGg==}
    engines: {node: '>=14.21.3'}
    cpu: [x64]
    os: [linux]

  '@biomejs/cli-linux-x64@2.2.4':
    resolution: {integrity: sha512-orr3nnf2Dpb2ssl6aihQtvcKtLySLta4E2UcXdp7+RTa7mfJjBgIsbS0B9GC8gVu0hjOu021aU8b3/I1tn+pVQ==}
    engines: {node: '>=14.21.3'}
    cpu: [x64]
    os: [linux]

  '@biomejs/cli-win32-arm64@2.2.4':
    resolution: {integrity: sha512-NXnfTeKHDFUWfxAefa57DiGmu9VyKi0cDqFpdI+1hJWQjGJhJutHPX0b5m+eXvTKOaf+brU+P0JrQAZMb5yYaQ==}
    engines: {node: '>=14.21.3'}
    cpu: [arm64]
    os: [win32]

  '@biomejs/cli-win32-x64@2.2.4':
    resolution: {integrity: sha512-3Y4V4zVRarVh/B/eSHczR4LYoSVyv3Dfuvm3cWs5w/HScccS0+Wt/lHOcDTRYeHjQmMYVC3rIRWqyN2EI52+zg==}
    engines: {node: '>=14.21.3'}
    cpu: [x64]
    os: [win32]

  '@emnapi/core@1.5.0':
    resolution: {integrity: sha512-sbP8GzB1WDzacS8fgNPpHlp6C9VZe+SJP3F90W9rLemaQj2PzIuTEl1qDOYQf58YIpyjViI24y9aPWCjEzY2cg==}

  '@emnapi/runtime@1.5.0':
    resolution: {integrity: sha512-97/BJ3iXHww3djw6hYIfErCZFee7qCtrneuLa20UXFCOTCfBM2cvQHjWJ2EG0s0MtdNwInarqCTz35i4wWXHsQ==}

  '@emnapi/wasi-threads@1.1.0':
    resolution: {integrity: sha512-WI0DdZ8xFSbgMjR1sFsKABJ/C5OnRrjT06JXbZKexJGrDuPTzZdDYfFlsgcCXCyf+suG5QU2e/y1Wo2V/OapLQ==}

  '@jridgewell/gen-mapping@0.3.13':
    resolution: {integrity: sha512-2kkt/7niJ6MgEPxF0bYdQ6etZaA+fQvDcLKckhy1yIQOzaoKjBBjSj63/aLVjYE3qhRt5dvM+uUyfCg6UKCBbA==}

  '@jridgewell/resolve-uri@3.1.2':
    resolution: {integrity: sha512-bRISgCIjP20/tbWSPWMEi54QVPRZExkuD9lJL+UIxUKtwVJA8wW1Trb1jMs1RFXo1CBTNZ/5hpC9QvmKWdopKw==}
    engines: {node: '>=6.0.0'}

  '@jridgewell/sourcemap-codec@1.5.5':
    resolution: {integrity: sha512-cYQ9310grqxueWbl+WuIUIaiUaDcj7WOq5fVhEljNVgRfOUhY9fy2zTvfoqWsnebh8Sl70VScFbICvJnLKB0Og==}

  '@jridgewell/trace-mapping@0.3.31':
    resolution: {integrity: sha512-zzNR+SdQSDJzc8joaeP8QQoCQr8NuYx2dIIytl1QeBEZHJ9uW6hebsrYgbz8hJwUQao3TWCMtmfV8Nu1twOLAw==}

  '@napi-rs/snappy-android-arm-eabi@7.3.3':
    resolution: {integrity: sha512-d4vUFFzNBvazGfB/KU8MnEax6itTIgRWXodPdZDnWKHy9HwVBndpCiedQDcSNHcZNYV36rx034rpn7SAuTL2NA==}
    engines: {node: '>= 10'}
    cpu: [arm]
    os: [android]

  '@napi-rs/snappy-android-arm64@7.3.3':
    resolution: {integrity: sha512-Uh+w18dhzjVl85MGhRnojb7OLlX2ErvMsYIunO/7l3Frvc2zQvfqsWsFJanu2dwqlE2YDooeNP84S+ywgN9sxg==}
    engines: {node: '>= 10'}
    cpu: [arm64]
    os: [android]

  '@napi-rs/snappy-darwin-arm64@7.3.3':
    resolution: {integrity: sha512-AmJn+6yOu/0V0YNHLKmRUNYkn93iv/1wtPayC7O1OHtfY6YqHQ31/MVeeRBiEYtQW9TwVZxXrDirxSB1PxRdtw==}
    engines: {node: '>= 10'}
    cpu: [arm64]
    os: [darwin]

  '@napi-rs/snappy-darwin-x64@7.3.3':
    resolution: {integrity: sha512-biLTXBmPjPmO7HIpv+5BaV9Gy/4+QJSUNJW8Pjx1UlWAVnocPy7um+zbvAWStZssTI5sfn/jOClrAegD4w09UA==}
    engines: {node: '>= 10'}
    cpu: [x64]
    os: [darwin]

  '@napi-rs/snappy-freebsd-x64@7.3.3':
    resolution: {integrity: sha512-E3R3ewm8Mrjm0yL2TC3VgnphDsQaCPixNJqBbGiz3NTshVDhlPlOgPKF0NGYqKiKaDGdD9PKtUgOR4vagUtn7g==}
    engines: {node: '>= 10'}
    cpu: [x64]
    os: [freebsd]

  '@napi-rs/snappy-linux-arm-gnueabihf@7.3.3':
    resolution: {integrity: sha512-ZuNgtmk9j0KyT7TfLyEnvZJxOhbkyNR761nk04F0Q4NTHMICP28wQj0xgEsnCHUsEeA9OXrRL4R7waiLn+rOQA==}
    engines: {node: '>= 10'}
    cpu: [arm]
    os: [linux]

  '@napi-rs/snappy-linux-arm64-gnu@7.3.3':
    resolution: {integrity: sha512-KIzwtq0dAzshzpqZWjg0Q9lUx93iZN7wCCUzCdLYIQ+mvJZKM10VCdn0RcuQze1R3UJTPwpPLXQIVskNMBYyPA==}
    engines: {node: '>= 10'}
    cpu: [arm64]
    os: [linux]

  '@napi-rs/snappy-linux-arm64-musl@7.3.3':
    resolution: {integrity: sha512-AAED4cQS74xPvktsyVmz5sy8vSxG/+3d7Rq2FDBZzj3Fv6v5vux6uZnECPCAqpALCdTtJ61unqpOyqO7hZCt1Q==}
    engines: {node: '>= 10'}
    cpu: [arm64]
    os: [linux]

  '@napi-rs/snappy-linux-ppc64-gnu@7.3.3':
    resolution: {integrity: sha512-pofO5eSLg8ZTBwVae4WHHwJxJGZI8NEb4r5Mppvq12J/1/Hq1HecClXmfY3A7bdT2fsS2Td+Q7CI9VdBOj2sbA==}
    engines: {node: '>= 10'}
    cpu: [ppc64]
    os: [linux]

  '@napi-rs/snappy-linux-riscv64-gnu@7.3.3':
    resolution: {integrity: sha512-OiHYdeuwj0TVBXADUmmQDQ4lL1TB+8EwmXnFgOutoDVXHaUl0CJFyXLa6tYUXe+gRY8hs1v7eb0vyE97LKY06Q==}
    engines: {node: '>= 10'}
    cpu: [riscv64]
    os: [linux]

  '@napi-rs/snappy-linux-s390x-gnu@7.3.3':
    resolution: {integrity: sha512-66QdmuV9CTq/S/xifZXlMy3PsZTviAgkqqpZ+7vPCmLtuP+nqhaeupShOFf/sIDsS0gZePazPosPTeTBbhkLHg==}
    engines: {node: '>= 10'}
    cpu: [s390x]
    os: [linux]

  '@napi-rs/snappy-linux-x64-gnu@7.3.3':
    resolution: {integrity: sha512-g6KURjOxrgb8yXDEZMuIcHkUr/7TKlDwSiydEQtMtP3n4iI4sNjkcE/WNKlR3+t9bZh1pFGAq7NFRBtouQGHpQ==}
    engines: {node: '>= 10'}
    cpu: [x64]
    os: [linux]

  '@napi-rs/snappy-linux-x64-musl@7.3.3':
    resolution: {integrity: sha512-6UvOyczHknpaKjrlKKSlX3rwpOrfJwiMG6qA0NRKJFgbcCAEUxmN9A8JvW4inP46DKdQ0bekdOxwRtAhFiTDfg==}
    engines: {node: '>= 10'}
    cpu: [x64]
    os: [linux]

  '@napi-rs/snappy-openharmony-arm64@7.3.3':
    resolution: {integrity: sha512-I5mak/5rTprobf7wMCk0vFhClmWOL/QiIJM4XontysnadmP/R9hAcmuFmoMV2GaxC9MblqLA7Z++gy8ou5hJVw==}
    engines: {node: '>= 10'}
    cpu: [arm64]
    os: [openharmony]

  '@napi-rs/snappy-wasm32-wasi@7.3.3':
    resolution: {integrity: sha512-+EroeygVYo9RksOchjF206frhMkfD2PaIun3yH4Zp5j/Y0oIEgs/+VhAYx/f+zHRylQYUIdLzDRclcoepvlR8Q==}
    engines: {node: '>=14.0.0'}
    cpu: [wasm32]

  '@napi-rs/snappy-win32-arm64-msvc@7.3.3':
    resolution: {integrity: sha512-rxqfntBsCfzgOha/OlG8ld2hs6YSMGhpMUbFjeQLyVDbooY041fRXv3S7yk52DfO6H4QQhLT5+p7cW0mYdhyiQ==}
    engines: {node: '>= 10'}
    cpu: [arm64]
    os: [win32]

  '@napi-rs/snappy-win32-ia32-msvc@7.3.3':
    resolution: {integrity: sha512-joRV16DsRtqjGt0CdSpxGCkO0UlHGeTZ/GqvdscoALpRKbikR2Top4C61dxEchmOd3lSYsXutuwWWGg3Nr++WA==}
    engines: {node: '>= 10'}
    cpu: [ia32]
    os: [win32]

  '@napi-rs/snappy-win32-x64-msvc@7.3.3':
    resolution: {integrity: sha512-cEnQwcsdJyOU7HSZODWsHpKuQoSYM4jaqw/hn9pOXYbRN1+02WxYppD3fdMuKN6TOA6YG5KA5PHRNeVilNX86Q==}
    engines: {node: '>= 10'}
    cpu: [x64]
    os: [win32]

  '@napi-rs/triples@1.2.0':
    resolution: {integrity: sha512-HAPjR3bnCsdXBsATpDIP5WCrw0JcACwhhrwIAQhiR46n+jm+a2F8kBsfseAuWtSyQ+H3Yebt2k43B5dy+04yMA==}

  '@napi-rs/wasm-runtime@1.0.5':
    resolution: {integrity: sha512-TBr9Cf9onSAS2LQ2+QHx6XcC6h9+RIzJgbqG3++9TUZSH204AwEy5jg3BTQ0VATsyoGj4ee49tN/y6rvaOOtcg==}

  '@node-rs/helper@1.6.0':
    resolution: {integrity: sha512-2OTh/tokcLA1qom1zuCJm2gQzaZljCCbtX1YCrwRVd/toz7KxaDRFeLTAPwhs8m9hWgzrBn5rShRm6IaZofCPw==}

  '@oxc-project/types@0.92.0':
    resolution: {integrity: sha512-PDLfCbwgXjGdTBxzcuDOUxJYNBl6P8dOp3eDKWw54dYvqONan9rwGDRQU0zrkdEMiItfXQQUOI17uOcMX5Zm7A==}

  '@platformatic/kafka@1.14.0':
    resolution: {integrity: sha512-7DVRU1sqYo8r9Hh5rEJaCVjc9GSdb50xGAvUwS9TMKuMY9IZEec5TRkiZ22H63bFgC/aBUhy2IfKpLpwlv8cPw==}
    engines: {node: '>= 20.19.4 || >= 22.18.0 || >= 24.6.0'}

  '@quansync/fs@0.1.5':
    resolution: {integrity: sha512-lNS9hL2aS2NZgNW7BBj+6EBl4rOf8l+tQ0eRY6JWCI8jI2kc53gSoqbjojU0OnAWhzoXiOjFyGsHcDGePB3lhA==}

  '@redis/bloom@5.8.2':
    resolution: {integrity: sha512-855DR0ChetZLarblio5eM0yLwxA9Dqq50t8StXKp5bAtLT0G+rZ+eRzzqxl37sPqQKjUudSYypz55o6nNhbz0A==}
    engines: {node: '>= 18'}
    peerDependencies:
      '@redis/client': ^5.8.2

  '@redis/client@5.8.2':
    resolution: {integrity: sha512-WtMScno3+eBpTac1Uav2zugXEoXqaU23YznwvFgkPwBQVwEHTDgOG7uEAObtZ/Nyn8SmAMbqkEubJaMOvnqdsQ==}
    engines: {node: '>= 18'}

  '@redis/json@5.8.2':
    resolution: {integrity: sha512-uxpVfas3I0LccBX9rIfDgJ0dBrUa3+0Gc8sEwmQQH0vHi7C1Rx1Qn8Nv1QWz5bohoeIXMICFZRcyDONvum2l/w==}
    engines: {node: '>= 18'}
    peerDependencies:
      '@redis/client': ^5.8.2

  '@redis/search@5.8.2':
    resolution: {integrity: sha512-cNv7HlgayavCBXqPXgaS97DRPVWFznuzsAmmuemi2TMCx5scwLiP50TeZvUS06h/MG96YNPe6A0Zt57yayfxwA==}
    engines: {node: '>= 18'}
    peerDependencies:
      '@redis/client': ^5.8.2

  '@redis/time-series@5.8.2':
    resolution: {integrity: sha512-g2NlHM07fK8H4k+613NBsk3y70R2JIM2dPMSkhIjl2Z17SYvaYKdusz85d7VYOrZBWtDrHV/WD2E3vGu+zni8A==}
    engines: {node: '>= 18'}
    peerDependencies:
      '@redis/client': ^5.8.2

  '@rolldown/binding-android-arm64@1.0.0-beta.40':
    resolution: {integrity: sha512-9Ii9phC7QU6Lb+ncMfG1Xlosq0NBB1N/4sw+EGZ3y0BBWGy02TOb5ghWZalphAKv9rn1goqo5WkBjyd2YvsLmA==}
    engines: {node: ^20.19.0 || >=22.12.0}
    cpu: [arm64]
    os: [android]

  '@rolldown/binding-darwin-arm64@1.0.0-beta.40':
    resolution: {integrity: sha512-5O6d0y2tBQTL+ecQY3qXIwSnF1/Zik8q7LZMKeyF+VJ9l194d0IdMhl2zUF0cqWbYHuF4Pnxplk4OhurPQ/Z9Q==}
    engines: {node: ^20.19.0 || >=22.12.0}
    cpu: [arm64]
    os: [darwin]

  '@rolldown/binding-darwin-x64@1.0.0-beta.40':
    resolution: {integrity: sha512-izB9jygt3miPQbOTZfSu5K51isUplqa8ysByOKQqcJHgrBWmbTU8TM9eouv6tRmBR0kjcEcID9xhmA1CeZ1VIg==}
    engines: {node: ^20.19.0 || >=22.12.0}
    cpu: [x64]
    os: [darwin]

  '@rolldown/binding-freebsd-x64@1.0.0-beta.40':
    resolution: {integrity: sha512-2fdpEpKT+wwP0vig9dqxu+toTeWmVSjo3psJQVDeLJ51rO+GXcCJ1IkCXjhMKVEevNtZS7B8T8Z2vvmRV9MAdA==}
    engines: {node: ^20.19.0 || >=22.12.0}
    cpu: [x64]
    os: [freebsd]

  '@rolldown/binding-linux-arm-gnueabihf@1.0.0-beta.40':
    resolution: {integrity: sha512-HP2lo78OWULN+8TewpLbS9PS00jh0CaF04tA2u8z2I+6QgVgrYOYKvX+T0hlO5smgso4+qb3YchzumWJl3yCPQ==}
    engines: {node: ^20.19.0 || >=22.12.0}
    cpu: [arm]
    os: [linux]

  '@rolldown/binding-linux-arm64-gnu@1.0.0-beta.40':
    resolution: {integrity: sha512-ng00gfr9BhA2NPAOU5RWAlTiL+JcwAD+L+4yUD1sbBy6tgHdLiNBOvKtHISIF9RM9/eQeS0tAiWOYZGIH9JMew==}
    engines: {node: ^20.19.0 || >=22.12.0}
    cpu: [arm64]
    os: [linux]

  '@rolldown/binding-linux-arm64-musl@1.0.0-beta.40':
    resolution: {integrity: sha512-mF0R1l9kLcaag/9cLEiYYdNZ4v1uuX4jklSDZ1s6vJE4RB3LirUney0FavdVRwCJ5sDvfvsPgXgtBXWYr2M2tQ==}
    engines: {node: ^20.19.0 || >=22.12.0}
    cpu: [arm64]
    os: [linux]

  '@rolldown/binding-linux-x64-gnu@1.0.0-beta.40':
    resolution: {integrity: sha512-+wi08S7wT5iLPHRZb0USrS6n+T6m+yY++dePYedE5uvKIpWCJJioFTaRtWjpm0V6dVNLcq2OukrvfdlGtH9Wgg==}
    engines: {node: ^20.19.0 || >=22.12.0}
    cpu: [x64]
    os: [linux]

  '@rolldown/binding-linux-x64-musl@1.0.0-beta.40':
    resolution: {integrity: sha512-W5qBGAemUocIBKCcOsDjlV9GUt28qhl/+M6etWBeLS5gQK0J6XDg0YVzfOQdvq57ZGjYNP0NvhYzqhOOnEx+4g==}
    engines: {node: ^20.19.0 || >=22.12.0}
    cpu: [x64]
    os: [linux]

  '@rolldown/binding-openharmony-arm64@1.0.0-beta.40':
    resolution: {integrity: sha512-vJwoDehtt+yqj2zacq1AqNc2uE/oh7mnRGqAUbuldV6pgvU01OSQUJ7Zu+35hTopnjFoDNN6mIezkYlGAv5RFA==}
    engines: {node: ^20.19.0 || >=22.12.0}
    cpu: [arm64]
    os: [openharmony]

  '@rolldown/binding-wasm32-wasi@1.0.0-beta.40':
    resolution: {integrity: sha512-Oj3YyqVUPurr1FlMpEE/bJmMC+VWAWPM/SGUfklO5KUX97bk5Q/733nPg4RykK8q8/TluJoQYvRc05vL/B74dw==}
    engines: {node: '>=14.0.0'}
    cpu: [wasm32]

  '@rolldown/binding-win32-arm64-msvc@1.0.0-beta.40':
    resolution: {integrity: sha512-0ZtO6yN8XjVoFfN4HDWQj4nDu3ndMybr7jIM00DJqOmc+yFhly7rdOy7fNR9Sky3leCpBtsXfepVqRmVpYKPVA==}
    engines: {node: ^20.19.0 || >=22.12.0}
    cpu: [arm64]
    os: [win32]

  '@rolldown/binding-win32-ia32-msvc@1.0.0-beta.40':
    resolution: {integrity: sha512-BPl1inoJXPpIe38Ja46E4y11vXlJyuleo+9Rmu//pYL5fIDYJkXUj/oAXqjSuwLcssrcwnuPgzvzvlz9++cr3w==}
    engines: {node: ^20.19.0 || >=22.12.0}
    cpu: [ia32]
    os: [win32]

  '@rolldown/binding-win32-x64-msvc@1.0.0-beta.40':
    resolution: {integrity: sha512-UguA4ltbAk+nbwHRxqaUP/etpTbR0HjyNlsu4Zjbh/ytNbFsbw8CA4tEBkwDyjgI5NIPea6xY11zpl7R2/ddVA==}
    engines: {node: ^20.19.0 || >=22.12.0}
    cpu: [x64]
    os: [win32]

  '@rolldown/pluginutils@1.0.0-beta.40':
    resolution: {integrity: sha512-s3GeJKSQOwBlzdUrj4ISjJj5SfSh+aqn0wjOar4Bx95iV1ETI7F6S/5hLcfAxZ9kXDcyrAkxPlqmd1ZITttf+w==}

  '@tybys/wasm-util@0.10.1':
    resolution: {integrity: sha512-9tTaPJLSiejZKx+Bmog4uSubteqTvFrVrURwkmHixBo0G4seD0zUxp98E1DzUBJxLQ3NPwXrGKDiVjwx/DpPsg==}

  '@types/node@24.5.2':
    resolution: {integrity: sha512-FYxk1I7wPv3K2XBaoyH2cTnocQEu8AOZ60hPbsyukMPLv5/5qr7V1i8PLHdl6Zf87I+xZXFvPCXYjiTFq+YSDQ==}

  '@typescript/native-preview-darwin-arm64@7.0.0-dev.20250926.1':
    resolution: {integrity: sha512-gnfz/RY+akGaZER1M9h+k8VW3wO4RRBeDHbC7NrDzEDmynOWN5clIBNXew3vMiyPJ31hMh4DdkEk5uXiQCkM4A==}
    cpu: [arm64]
    os: [darwin]

  '@typescript/native-preview-darwin-x64@7.0.0-dev.20250926.1':
    resolution: {integrity: sha512-XsxKy+Szc7Uy46eEpUuGYsPJkIfz1OzYZaGd+oCcg0Q4ASc/DS4+07+8aDHYBrdClFrq505pi51XTUUt85i3Pw==}
    cpu: [x64]
    os: [darwin]

  '@typescript/native-preview-linux-arm64@7.0.0-dev.20250926.1':
    resolution: {integrity: sha512-I5sRB90v4cvDZAAuKMxIhu7QbWji+GbTX5QrzKnvkDaJamG8xknA0wmRrnZ2pRBVZZ2GDd/veNVHMUMkJCApgw==}
    cpu: [arm64]
    os: [linux]

  '@typescript/native-preview-linux-arm@7.0.0-dev.20250926.1':
    resolution: {integrity: sha512-1pl+o6TXYAmzCloM46ZbkhVlMnot2tWTkPhEfx7vjd6C7jy+XSEg/fU7FkVaAwiKZHS98ncTG8oVxn3iF/xFfg==}
    cpu: [arm]
    os: [linux]

  '@typescript/native-preview-linux-x64@7.0.0-dev.20250926.1':
    resolution: {integrity: sha512-NiIGbFhDPnOBoFGQkaOFn2DR2uiFYeRCU9HzXoomxfV4piCke5pJ69WXmmeYKWQEc5hb4RIdahAGs5B5kgkFLw==}
    cpu: [x64]
    os: [linux]

  '@typescript/native-preview-win32-arm64@7.0.0-dev.20250926.1':
    resolution: {integrity: sha512-uw56c9jmhLheZEVbR5py4ZxgR0Hm1q+rY3mRZo72PpDV6dEyCKVTRlLasz9z2pnv61xkk8+1J5yUBOrAvZPjqQ==}
    cpu: [arm64]
    os: [win32]

  '@typescript/native-preview-win32-x64@7.0.0-dev.20250926.1':
    resolution: {integrity: sha512-4mlt6Ri8RMSE45VgaEk3ARVtj1ftITtHuaDFdyhqkuQZgRDexPtJuZalEpJYdZUnZSaRkS8nYatyNzdU1uCP+A==}
    cpu: [x64]
    os: [win32]

  '@typescript/native-preview@7.0.0-dev.20250926.1':
    resolution: {integrity: sha512-zMCq8D8RWDUnuQ/xqoI+pB1XQeUjndF8OSB9r/Qv3x8mwlu60ov35JDM0pEfR0SuYZL4v5vLvtu25rFn2rRKig==}
    hasBin: true

  ajv@8.17.1:
    resolution: {integrity: sha512-B/gBuNg5SiMTrPkC+A2+cW0RszwxYmn6VYxB/inlBStS5nx6xHIt/ehKRhIMhqusl7a8LjQoZnjCs5vhwxOQ1g==}

  ansis@4.1.0:
    resolution: {integrity: sha512-BGcItUBWSMRgOCe+SVZJ+S7yTRG0eGt9cXAHev72yuGcY23hnLA7Bky5L/xLyPINoSN95geovfBkqoTlNZYa7w==}
    engines: {node: '>=14'}

  ast-kit@2.1.2:
    resolution: {integrity: sha512-cl76xfBQM6pztbrFWRnxbrDm9EOqDr1BF6+qQnnDZG2Co2LjyUktkN9GTJfBAfdae+DbT2nJf2nCGAdDDN7W2g==}
    engines: {node: '>=20.18.0'}

  birpc@2.6.1:
    resolution: {integrity: sha512-LPnFhlDpdSH6FJhJyn4M0kFO7vtQ5iPw24FnG0y21q09xC7e8+1LeR31S1MAIrDAHp4m7aas4bEkTDTvMAtebQ==}

  cac@6.7.14:
    resolution: {integrity: sha512-b6Ilus+c3RrdDk+JhLKUAQfzzgLEPy6wcXqS7f/xe1EETvsDP6GORG7SFuOs6cID5YkqchW/LXZbX5bc8j7ZcQ==}
    engines: {node: '>=8'}

  chokidar@4.0.3:
    resolution: {integrity: sha512-Qgzu8kfBvo+cA4962jnP1KkS6Dop5NS6g7R5LFYJr4b8Ub94PPQXUksCw9PvXoeXPRRddRNC5C1JQUR2SMGtnA==}
    engines: {node: '>= 14.16.0'}

  cluster-key-slot@1.1.2:
    resolution: {integrity: sha512-RMr0FhtfXemyinomL4hrWcYJxmX6deFdCxpJzhDttxgO1+bcCnkk+9drydLVDmAMG7NE6aN/fl4F7ucU/90gAA==}
    engines: {node: '>=0.10.0'}

  debug@4.4.3:
    resolution: {integrity: sha512-RGwwWnwQvkVfavKVt22FGLw+xYSdzARwm0ru6DhTVA3umU5hZc28V3kO4stgYryrTlLpuvgI9GiijltAjNbcqA==}
    engines: {node: '>=6.0'}
    peerDependencies:
      supports-color: '*'
    peerDependenciesMeta:
      supports-color:
        optional: true

  defu@6.1.4:
    resolution: {integrity: sha512-mEQCMmwJu317oSz8CwdIOdwf3xMif1ttiM8LTufzc3g6kR+9Pe236twL8j3IYT1F7GfRgGcW6MWxzZjLIkuHIg==}

  diff@8.0.2:
    resolution: {integrity: sha512-sSuxWU5j5SR9QQji/o2qMvqRNYRDOcBTgsJ/DeCf4iSN4gW+gNMXM7wFIP+fdXZxoNiAnHUTGjCr+TSWXdRDKg==}
    engines: {node: '>=0.3.1'}

  dotenv@17.2.2:
    resolution: {integrity: sha512-Sf2LSQP+bOlhKWWyhFsn0UsfdK/kCWRv1iuA2gXAwt3dyNabr6QSj00I2V10pidqz69soatm9ZwZvpQMTIOd5Q==}
    engines: {node: '>=12'}

  dts-resolver@2.1.2:
    resolution: {integrity: sha512-xeXHBQkn2ISSXxbJWD828PFjtyg+/UrMDo7W4Ffcs7+YWCquxU8YjV1KoxuiL+eJ5pg3ll+bC6flVv61L3LKZg==}
    engines: {node: '>=20.18.0'}
    peerDependencies:
      oxc-resolver: '>=11.0.0'
    peerDependenciesMeta:
      oxc-resolver:
        optional: true

  empathic@2.0.0:
    resolution: {integrity: sha512-i6UzDscO/XfAcNYD75CfICkmfLedpyPDdozrLMmQc5ORaQcdMoc21OnlEylMIqI7U8eniKrPMxxtj8k0vhmJhA==}
    engines: {node: '>=14'}

  fast-deep-equal@3.1.3:
    resolution: {integrity: sha512-f3qQ9oQy9j2AhBe/H9VC91wLmKBCCU/gDOnKNAYG5hswO7BLKj09Hc5HYNz9cGI++xlpDCIgDaitVs03ATR84Q==}

  fast-uri@3.1.0:
    resolution: {integrity: sha512-iPeeDKJSWf4IEOasVVrknXpaBV0IApz/gp7S2bb7Z4Lljbl2MGJRqInZiUrQwV16cpzw/D3S5j5Julj/gT52AA==}

  fastq@1.19.1:
    resolution: {integrity: sha512-GwLTyxkCXjXbxqIhTsMI2Nui8huMPtnxg7krajPJAjnEG/iiOS7i+zCtWGZR9G0NBKbXKh6X9m9UIsYX/N6vvQ==}

  fdir@6.5.0:
    resolution: {integrity: sha512-tIbYtZbucOs0BRGqPJkshJUYdL+SDH7dVM8gjy+ERp3WAUjLEFJE+02kanyHtwjWOnwrKYBiwAmM0p4kLJAnXg==}
    engines: {node: '>=12.0.0'}
    peerDependencies:
      picomatch: ^3 || ^4
    peerDependenciesMeta:
      picomatch:
        optional: true

  get-tsconfig@4.10.1:
    resolution: {integrity: sha512-auHyJ4AgMz7vgS8Hp3N6HXSmlMdUyhSUrfBF16w153rxtLIEOE+HGqaBppczZvnHLqQJfiHotCYpNhl0lUROFQ==}

  hookable@5.5.3:
    resolution: {integrity: sha512-Yc+BQe8SvoXH1643Qez1zqLRmbA5rCL+sSmk6TVos0LWVfNIB7PGncdlId77WzLGSIB5KaWgTaNTs2lNVEI6VQ==}

  jiti@2.6.0:
    resolution: {integrity: sha512-VXe6RjJkBPj0ohtqaO8vSWP3ZhAKo66fKrFNCll4BTcwljPLz03pCbaNKfzGP5MbrCYcbJ7v0nOYYwUzTEIdXQ==}
    hasBin: true

  jsesc@3.1.0:
    resolution: {integrity: sha512-/sM3dO2FOzXjKQhJuo0Q173wf2KOo8t4I8vHy6lF9poUp7bKT0/NHE8fPX23PwfhnykfqnC2xRxOnVw5XuGIaA==}
    engines: {node: '>=6'}
    hasBin: true

  json-schema-traverse@1.0.0:
    resolution: {integrity: sha512-NM8/P9n3XjXhIZn1lLhkFaACTOURQXjWhV4BA/RnOv8xvgqtqpAX9IO4mRQxSx1Rlo4tqzeqb0sOlruaOy3dug==}

  lz4-napi@2.9.0:
    resolution: {integrity: sha512-ZOWqxBMIK5768aD20tYn5B6Pp9WPM9UG/LHk8neG9p0gC1DtjdzhTtlkxhAjvTRpmJvMtnnqLKlT+COlqAt9cQ==}
    engines: {node: '>= 10'}

  magic-string@0.30.19:
    resolution: {integrity: sha512-2N21sPY9Ws53PZvsEpVtNuSW+ScYbQdp4b9qUaL+9QkHUrGFKo56Lg9Emg5s9V/qrtNBmiR01sYhUOwu3H+VOw==}

  mnemonist@0.40.3:
    resolution: {integrity: sha512-Vjyr90sJ23CKKH/qPAgUKicw/v6pRoamxIEDFOF8uSgFME7DqPRpHgRTejWVjkdGg5dXj0/NyxZHZ9bcjH+2uQ==}

  ms@2.1.3:
    resolution: {integrity: sha512-6FlzubTLZG3J2a/NVCAleEhjzq5oxgHyaCU9yYXvcLsvoVaHJq/s5xXI6/XXP6tz7R9xAOtHnSO/tXtF3WRTlA==}

  nanoid@5.1.6:
    resolution: {integrity: sha512-c7+7RQ+dMB5dPwwCp4ee1/iV/q2P6aK1mTZcfr1BTuVlyW9hJYiMPybJCcnBlQtuSmTIWNeazm/zqNoZSSElBg==}
    engines: {node: ^18 || >=20}
    hasBin: true

  obliterator@2.0.5:
    resolution: {integrity: sha512-42CPE9AhahZRsMNslczq0ctAEtqk8Eka26QofnqC346BZdHDySk3LWka23LI7ULIw11NmltpiLagIq8gBozxTw==}

  pathe@2.0.3:
    resolution: {integrity: sha512-WUjGcAqP1gQacoQe+OBJsFA7Ld4DyXuUIjZ5cc75cLHvJ7dtNsTugphxIADwspS+AraAUePCKrSVtPLFj/F88w==}

  picomatch@4.0.3:
    resolution: {integrity: sha512-5gTmgEY/sqK6gFXLIsQNH19lWb4ebPDLA4SdLP7dsWkIXHWlG66oPuVvXSGFPppYZz8ZDZq0dYYrbHfBCVUb1Q==}
    engines: {node: '>=12'}

  quansync@0.2.11:
    resolution: {integrity: sha512-AifT7QEbW9Nri4tAwR5M/uzpBuqfZf+zwaEM/QkzEjj7NBuFD2rBuy0K3dE+8wltbezDV7JMA0WfnCPYRSYbXA==}

  readdirp@4.1.2:
    resolution: {integrity: sha512-GDhwkLfywWL2s6vEjyhri+eXmfH6j1L7JE27WhqLeYzoh/A3DBaYGEj2H/HFZCn/kMfim73FXxEJTw06WtxQwg==}
    engines: {node: '>= 14.18.0'}

  redis@5.8.2:
    resolution: {integrity: sha512-31vunZj07++Y1vcFGcnNWEf5jPoTkGARgfWI4+Tk55vdwHxhAvug8VEtW7Cx+/h47NuJTEg/JL77zAwC6E0OeA==}
    engines: {node: '>= 18'}

  require-from-string@2.0.2:
    resolution: {integrity: sha512-Xf0nWe6RseziFMu+Ap9biiUbmplq6S9/p+7w7YXP/JBHhrUDDUhwa+vANyubuqfZWTveU//DYVGsDG7RKL/vEw==}
    engines: {node: '>=0.10.0'}

  resolve-pkg-maps@1.0.0:
    resolution: {integrity: sha512-seS2Tj26TBVOC2NIc2rOe2y2ZO7efxITtLZcGSOnHHNOQ7CkiUBfw0Iw2ck6xkIhPwLhKNLS8BO+hEpngQlqzw==}

  reusify@1.1.0:
    resolution: {integrity: sha512-g6QUff04oZpHs0eG5p83rFLhHeV00ug/Yf9nZM6fLeUrPguBTkTQOdpAWWspMh55TZfVQDPaN3NQJfbVRAxdIw==}
    engines: {iojs: '>=1.0.0', node: '>=0.10.0'}

  rolldown-plugin-dts@0.16.8:
    resolution: {integrity: sha512-lsx7yrYA0ZXfARLEcPKgHIw8DX4fLQOhmMChgZbn5eFhqibY2Bav1+/Yn5WNm+ATtw+cefXYgEYO/7njeHsgAA==}
    engines: {node: '>=20.18.0'}
    peerDependencies:
      '@ts-macro/tsc': ^0.3.6
      '@typescript/native-preview': '>=7.0.0-dev.20250601.1'
      rolldown: ^1.0.0-beta.9
      typescript: ^5.0.0
      vue-tsc: ~3.0.3
    peerDependenciesMeta:
      '@ts-macro/tsc':
        optional: true
      '@typescript/native-preview':
        optional: true
      typescript:
        optional: true
      vue-tsc:
        optional: true

  rolldown@1.0.0-beta.40:
    resolution: {integrity: sha512-VqEHbKpOgTPmQrZ4fVn4eshDQS/6g/fRpNE7cFSJY+eQLDZn4B9X61J6L+hnlt1u2uRI+pF7r1USs6S5fuWCvw==}
    engines: {node: ^20.19.0 || >=22.12.0}
    hasBin: true

  scule@1.3.0:
    resolution: {integrity: sha512-6FtHJEvt+pVMIB9IBY+IcCJ6Z5f1iQnytgyfKMhDKgmzYG+TeH/wx1y3l27rshSbLiSanrR9ffZDrEsmjlQF2g==}

  semver@7.7.2:
    resolution: {integrity: sha512-RF0Fw+rO5AMf9MAyaRXI4AV0Ulj5lMHqVxxdSgiVbixSCXoEmmX/jk0CuJw4+3SqroYO9VoUh+HcuJivvtJemA==}
    engines: {node: '>=10'}
    hasBin: true

  snappy@7.3.3:
    resolution: {integrity: sha512-UDJVCunvgblRpfTOjo/uT7pQzfrTsSICJ4yVS4aq7SsGBaUSpJwaVP15nF//jqinSLpN7boe/BqbUmtWMTQ5MQ==}
    engines: {node: '>= 10'}

  tinyexec@1.0.1:
    resolution: {integrity: sha512-5uC6DDlmeqiOwCPmK9jMSdOuZTh8bU39Ys6yidB+UTt5hfZUPGAypSgFRiEp+jbi9qH40BLDvy85jIU88wKSqw==}

  tinyglobby@0.2.15:
    resolution: {integrity: sha512-j2Zq4NyQYG5XMST4cbs02Ak8iJUdxRM0XI5QyxXuZOzKOINmWurp3smXu3y5wDcJrptwpSjgXHzIQxR0omXljQ==}
    engines: {node: '>=12.0.0'}

  tree-kill@1.2.2:
    resolution: {integrity: sha512-L0Orpi8qGpRG//Nd+H90vFB+3iHnue1zSSGmNOOCh1GLJ7rUKVwV2HvijphGQS2UmhUZewS9VgvxYIdgr+fG1A==}
    hasBin: true

  tsdown@0.15.5:
    resolution: {integrity: sha512-2UP5hDBVYGHnnQSIYtDxMDjePmut7EDpvW5E2kVnjpZ17JgiPvRJPHwk5Dm045bC75+q8yxAlw/CMIELymTWaw==}
    engines: {node: '>=20.19.0'}
    hasBin: true
    peerDependencies:
      '@arethetypeswrong/core': ^0.18.1
      publint: ^0.3.0
      typescript: ^5.0.0
      unplugin-lightningcss: ^0.4.0
      unplugin-unused: ^0.5.0
    peerDependenciesMeta:
      '@arethetypeswrong/core':
        optional: true
      publint:
        optional: true
      typescript:
        optional: true
      unplugin-lightningcss:
        optional: true
      unplugin-unused:
        optional: true

  tslib@2.8.1:
    resolution: {integrity: sha512-oJFu94HQb+KVduSUQL7wnpmqnfmLsOA/nAh6b6EH0wCEoK0/mPeXU6c3wKDV83MkOuHPRHtSXKKU99IBazS/2w==}

  turbo-darwin-64@2.5.8:
    resolution: {integrity: sha512-Dh5bCACiHO8rUXZLpKw+m3FiHtAp2CkanSyJre+SInEvEr5kIxjGvCK/8MFX8SFRjQuhjtvpIvYYZJB4AGCxNQ==}
    cpu: [x64]
    os: [darwin]

  turbo-darwin-arm64@2.5.8:
    resolution: {integrity: sha512-f1H/tQC9px7+hmXn6Kx/w8Jd/FneIUnvLlcI/7RGHunxfOkKJKvsoiNzySkoHQ8uq1pJnhJ0xNGTlYM48ZaJOQ==}
    cpu: [arm64]
    os: [darwin]

  turbo-linux-64@2.5.8:
    resolution: {integrity: sha512-hMyvc7w7yadBlZBGl/bnR6O+dJTx3XkTeyTTH4zEjERO6ChEs0SrN8jTFj1lueNXKIHh1SnALmy6VctKMGnWfw==}
    cpu: [x64]
    os: [linux]

  turbo-linux-arm64@2.5.8:
    resolution: {integrity: sha512-LQELGa7bAqV2f+3rTMRPnj5G/OHAe2U+0N9BwsZvfMvHSUbsQ3bBMWdSQaYNicok7wOZcHjz2TkESn1hYK6xIQ==}
    cpu: [arm64]
    os: [linux]

  turbo-windows-64@2.5.8:
    resolution: {integrity: sha512-3YdcaW34TrN1AWwqgYL9gUqmZsMT4T7g8Y5Azz+uwwEJW+4sgcJkIi9pYFyU4ZBSjBvkfuPZkGgfStir5BBDJQ==}
    cpu: [x64]
    os: [win32]

  turbo-windows-arm64@2.5.8:
    resolution: {integrity: sha512-eFC5XzLmgXJfnAK3UMTmVECCwuBcORrWdewoiXBnUm934DY6QN8YowC/srhNnROMpaKaqNeRpoB5FxCww3eteQ==}
    cpu: [arm64]
    os: [win32]

  turbo@2.5.8:
    resolution: {integrity: sha512-5c9Fdsr9qfpT3hA0EyYSFRZj1dVVsb6KIWubA9JBYZ/9ZEAijgUEae0BBR/Xl/wekt4w65/lYLTFaP3JmwSO8w==}
    hasBin: true

  typescript@5.9.2:
    resolution: {integrity: sha512-CWBzXQrc/qOkhidw1OzBTQuYRbfyxDXJMVJ1XNwUHGROVmuaeiEm3OslpZ1RV96d7SKKjZKrSJu3+t/xlw3R9A==}
    engines: {node: '>=14.17'}
    hasBin: true

  unconfig@7.3.3:
    resolution: {integrity: sha512-QCkQoOnJF8L107gxfHL0uavn7WD9b3dpBcFX6HtfQYmjw2YzWxGuFQ0N0J6tE9oguCBJn9KOvfqYDCMPHIZrBA==}

  undici-types@7.12.0:
    resolution: {integrity: sha512-goOacqME2GYyOZZfb5Lgtu+1IDmAlAEu5xnD3+xTzS10hT0vzpf0SPjkXwAw9Jm+4n/mQGDP3LO8CPbYROeBfQ==}

  zod@4.1.11:
    resolution: {integrity: sha512-WPsqwxITS2tzx1bzhIKsEs19ABD5vmCVa4xBo2tq/SrV4RNZtfws1EnCWQXM6yh8bD08a1idvkB5MZSBiZsjwg==}

snapshots:

  '@antoniomuso/lz4-napi-android-arm-eabi@2.9.0':
    optional: true

  '@antoniomuso/lz4-napi-android-arm64@2.9.0':
    optional: true

  '@antoniomuso/lz4-napi-darwin-arm64@2.9.0':
    optional: true

  '@antoniomuso/lz4-napi-darwin-x64@2.9.0':
    optional: true

  '@antoniomuso/lz4-napi-freebsd-x64@2.9.0':
    optional: true

  '@antoniomuso/lz4-napi-linux-arm-gnueabihf@2.9.0':
    optional: true

  '@antoniomuso/lz4-napi-linux-arm64-gnu@2.9.0':
    optional: true

  '@antoniomuso/lz4-napi-linux-arm64-musl@2.9.0':
    optional: true

  '@antoniomuso/lz4-napi-linux-x64-gnu@2.9.0':
    optional: true

  '@antoniomuso/lz4-napi-linux-x64-musl@2.9.0':
    optional: true

  '@antoniomuso/lz4-napi-win32-arm64-msvc@2.9.0':
    optional: true

  '@antoniomuso/lz4-napi-win32-ia32-msvc@2.9.0':
    optional: true

  '@antoniomuso/lz4-napi-win32-x64-msvc@2.9.0':
    optional: true

  '@babel/generator@7.28.3':
    dependencies:
      '@babel/parser': 7.28.4
      '@babel/types': 7.28.4
      '@jridgewell/gen-mapping': 0.3.13
      '@jridgewell/trace-mapping': 0.3.31
      jsesc: 3.1.0

  '@babel/helper-string-parser@7.27.1': {}

  '@babel/helper-validator-identifier@7.27.1': {}

  '@babel/parser@7.28.4':
    dependencies:
      '@babel/types': 7.28.4

  '@babel/types@7.28.4':
    dependencies:
      '@babel/helper-string-parser': 7.27.1
      '@babel/helper-validator-identifier': 7.27.1

  '@biomejs/biome@2.2.4':
    optionalDependencies:
      '@biomejs/cli-darwin-arm64': 2.2.4
      '@biomejs/cli-darwin-x64': 2.2.4
      '@biomejs/cli-linux-arm64': 2.2.4
      '@biomejs/cli-linux-arm64-musl': 2.2.4
      '@biomejs/cli-linux-x64': 2.2.4
      '@biomejs/cli-linux-x64-musl': 2.2.4
      '@biomejs/cli-win32-arm64': 2.2.4
      '@biomejs/cli-win32-x64': 2.2.4

  '@biomejs/cli-darwin-arm64@2.2.4':
    optional: true

  '@biomejs/cli-darwin-x64@2.2.4':
    optional: true

  '@biomejs/cli-linux-arm64-musl@2.2.4':
    optional: true

  '@biomejs/cli-linux-arm64@2.2.4':
    optional: true

  '@biomejs/cli-linux-x64-musl@2.2.4':
    optional: true

  '@biomejs/cli-linux-x64@2.2.4':
    optional: true

  '@biomejs/cli-win32-arm64@2.2.4':
    optional: true

  '@biomejs/cli-win32-x64@2.2.4':
    optional: true

  '@emnapi/core@1.5.0':
    dependencies:
      '@emnapi/wasi-threads': 1.1.0
      tslib: 2.8.1
    optional: true

  '@emnapi/runtime@1.5.0':
    dependencies:
      tslib: 2.8.1
    optional: true

  '@emnapi/wasi-threads@1.1.0':
    dependencies:
      tslib: 2.8.1
    optional: true

  '@jridgewell/gen-mapping@0.3.13':
    dependencies:
      '@jridgewell/sourcemap-codec': 1.5.5
      '@jridgewell/trace-mapping': 0.3.31

  '@jridgewell/resolve-uri@3.1.2': {}

  '@jridgewell/sourcemap-codec@1.5.5': {}

  '@jridgewell/trace-mapping@0.3.31':
    dependencies:
      '@jridgewell/resolve-uri': 3.1.2
      '@jridgewell/sourcemap-codec': 1.5.5

  '@napi-rs/snappy-android-arm-eabi@7.3.3':
    optional: true

  '@napi-rs/snappy-android-arm64@7.3.3':
    optional: true

  '@napi-rs/snappy-darwin-arm64@7.3.3':
    optional: true

  '@napi-rs/snappy-darwin-x64@7.3.3':
    optional: true

  '@napi-rs/snappy-freebsd-x64@7.3.3':
    optional: true

  '@napi-rs/snappy-linux-arm-gnueabihf@7.3.3':
    optional: true

  '@napi-rs/snappy-linux-arm64-gnu@7.3.3':
    optional: true

  '@napi-rs/snappy-linux-arm64-musl@7.3.3':
    optional: true

  '@napi-rs/snappy-linux-ppc64-gnu@7.3.3':
    optional: true

  '@napi-rs/snappy-linux-riscv64-gnu@7.3.3':
    optional: true

  '@napi-rs/snappy-linux-s390x-gnu@7.3.3':
    optional: true

  '@napi-rs/snappy-linux-x64-gnu@7.3.3':
    optional: true

  '@napi-rs/snappy-linux-x64-musl@7.3.3':
    optional: true

  '@napi-rs/snappy-openharmony-arm64@7.3.3':
    optional: true

  '@napi-rs/snappy-wasm32-wasi@7.3.3':
    dependencies:
      '@napi-rs/wasm-runtime': 1.0.5
    optional: true

  '@napi-rs/snappy-win32-arm64-msvc@7.3.3':
    optional: true

  '@napi-rs/snappy-win32-ia32-msvc@7.3.3':
    optional: true

  '@napi-rs/snappy-win32-x64-msvc@7.3.3':
    optional: true

  '@napi-rs/triples@1.2.0':
    optional: true

  '@napi-rs/wasm-runtime@1.0.5':
    dependencies:
      '@emnapi/core': 1.5.0
      '@emnapi/runtime': 1.5.0
      '@tybys/wasm-util': 0.10.1
    optional: true

  '@node-rs/helper@1.6.0':
    dependencies:
      '@napi-rs/triples': 1.2.0
    optional: true

  '@oxc-project/types@0.92.0': {}

  '@platformatic/kafka@1.14.0':
    dependencies:
      ajv: 8.17.1
      debug: 4.4.3
      fastq: 1.19.1
      mnemonist: 0.40.3
      scule: 1.3.0
    optionalDependencies:
      lz4-napi: 2.9.0
      snappy: 7.3.3
    transitivePeerDependencies:
      - supports-color

  '@quansync/fs@0.1.5':
    dependencies:
      quansync: 0.2.11

  '@redis/bloom@5.8.2(@redis/client@5.8.2)':
    dependencies:
      '@redis/client': 5.8.2

  '@redis/client@5.8.2':
    dependencies:
      cluster-key-slot: 1.1.2

  '@redis/json@5.8.2(@redis/client@5.8.2)':
    dependencies:
      '@redis/client': 5.8.2

  '@redis/search@5.8.2(@redis/client@5.8.2)':
    dependencies:
      '@redis/client': 5.8.2

  '@redis/time-series@5.8.2(@redis/client@5.8.2)':
    dependencies:
      '@redis/client': 5.8.2

  '@rolldown/binding-android-arm64@1.0.0-beta.40':
    optional: true

  '@rolldown/binding-darwin-arm64@1.0.0-beta.40':
    optional: true

  '@rolldown/binding-darwin-x64@1.0.0-beta.40':
    optional: true

  '@rolldown/binding-freebsd-x64@1.0.0-beta.40':
    optional: true

  '@rolldown/binding-linux-arm-gnueabihf@1.0.0-beta.40':
    optional: true

  '@rolldown/binding-linux-arm64-gnu@1.0.0-beta.40':
    optional: true

  '@rolldown/binding-linux-arm64-musl@1.0.0-beta.40':
    optional: true

  '@rolldown/binding-linux-x64-gnu@1.0.0-beta.40':
    optional: true

  '@rolldown/binding-linux-x64-musl@1.0.0-beta.40':
    optional: true

  '@rolldown/binding-openharmony-arm64@1.0.0-beta.40':
    optional: true

  '@rolldown/binding-wasm32-wasi@1.0.0-beta.40':
    dependencies:
      '@napi-rs/wasm-runtime': 1.0.5
    optional: true

  '@rolldown/binding-win32-arm64-msvc@1.0.0-beta.40':
    optional: true

  '@rolldown/binding-win32-ia32-msvc@1.0.0-beta.40':
    optional: true

  '@rolldown/binding-win32-x64-msvc@1.0.0-beta.40':
    optional: true

  '@rolldown/pluginutils@1.0.0-beta.40': {}

  '@tybys/wasm-util@0.10.1':
    dependencies:
      tslib: 2.8.1
    optional: true

  '@types/node@24.5.2':
    dependencies:
      undici-types: 7.12.0

  '@typescript/native-preview-darwin-arm64@7.0.0-dev.20250926.1':
    optional: true

  '@typescript/native-preview-darwin-x64@7.0.0-dev.20250926.1':
    optional: true

  '@typescript/native-preview-linux-arm64@7.0.0-dev.20250926.1':
    optional: true

  '@typescript/native-preview-linux-arm@7.0.0-dev.20250926.1':
    optional: true

  '@typescript/native-preview-linux-x64@7.0.0-dev.20250926.1':
    optional: true

  '@typescript/native-preview-win32-arm64@7.0.0-dev.20250926.1':
    optional: true

  '@typescript/native-preview-win32-x64@7.0.0-dev.20250926.1':
    optional: true

  '@typescript/native-preview@7.0.0-dev.20250926.1':
    optionalDependencies:
      '@typescript/native-preview-darwin-arm64': 7.0.0-dev.20250926.1
      '@typescript/native-preview-darwin-x64': 7.0.0-dev.20250926.1
      '@typescript/native-preview-linux-arm': 7.0.0-dev.20250926.1
      '@typescript/native-preview-linux-arm64': 7.0.0-dev.20250926.1
      '@typescript/native-preview-linux-x64': 7.0.0-dev.20250926.1
      '@typescript/native-preview-win32-arm64': 7.0.0-dev.20250926.1
      '@typescript/native-preview-win32-x64': 7.0.0-dev.20250926.1

  ajv@8.17.1:
    dependencies:
      fast-deep-equal: 3.1.3
      fast-uri: 3.1.0
      json-schema-traverse: 1.0.0
      require-from-string: 2.0.2

  ansis@4.1.0: {}

  ast-kit@2.1.2:
    dependencies:
      '@babel/parser': 7.28.4
      pathe: 2.0.3

  birpc@2.6.1: {}

  cac@6.7.14: {}

  chokidar@4.0.3:
    dependencies:
      readdirp: 4.1.2

  cluster-key-slot@1.1.2: {}

  debug@4.4.3:
    dependencies:
      ms: 2.1.3

  defu@6.1.4: {}

  diff@8.0.2: {}

  dotenv@17.2.2: {}

  dts-resolver@2.1.2: {}

  empathic@2.0.0: {}

  fast-deep-equal@3.1.3: {}

  fast-uri@3.1.0: {}

  fastq@1.19.1:
    dependencies:
      reusify: 1.1.0

  fdir@6.5.0(picomatch@4.0.3):
    optionalDependencies:
      picomatch: 4.0.3

  get-tsconfig@4.10.1:
    dependencies:
      resolve-pkg-maps: 1.0.0

  hookable@5.5.3: {}

  jiti@2.6.0: {}

  jsesc@3.1.0: {}

  json-schema-traverse@1.0.0: {}

  lz4-napi@2.9.0:
    dependencies:
      '@node-rs/helper': 1.6.0
    optionalDependencies:
      '@antoniomuso/lz4-napi-android-arm-eabi': 2.9.0
      '@antoniomuso/lz4-napi-android-arm64': 2.9.0
      '@antoniomuso/lz4-napi-darwin-arm64': 2.9.0
      '@antoniomuso/lz4-napi-darwin-x64': 2.9.0
      '@antoniomuso/lz4-napi-freebsd-x64': 2.9.0
      '@antoniomuso/lz4-napi-linux-arm-gnueabihf': 2.9.0
      '@antoniomuso/lz4-napi-linux-arm64-gnu': 2.9.0
      '@antoniomuso/lz4-napi-linux-arm64-musl': 2.9.0
      '@antoniomuso/lz4-napi-linux-x64-gnu': 2.9.0
      '@antoniomuso/lz4-napi-linux-x64-musl': 2.9.0
      '@antoniomuso/lz4-napi-win32-arm64-msvc': 2.9.0
      '@antoniomuso/lz4-napi-win32-ia32-msvc': 2.9.0
      '@antoniomuso/lz4-napi-win32-x64-msvc': 2.9.0
    optional: true

  magic-string@0.30.19:
    dependencies:
      '@jridgewell/sourcemap-codec': 1.5.5

  mnemonist@0.40.3:
    dependencies:
      obliterator: 2.0.5

  ms@2.1.3: {}

  nanoid@5.1.6: {}

  obliterator@2.0.5: {}

  pathe@2.0.3: {}

  picomatch@4.0.3: {}

  quansync@0.2.11: {}

  readdirp@4.1.2: {}

  redis@5.8.2:
    dependencies:
      '@redis/bloom': 5.8.2(@redis/client@5.8.2)
      '@redis/client': 5.8.2
      '@redis/json': 5.8.2(@redis/client@5.8.2)
      '@redis/search': 5.8.2(@redis/client@5.8.2)
      '@redis/time-series': 5.8.2(@redis/client@5.8.2)

  require-from-string@2.0.2: {}

  resolve-pkg-maps@1.0.0: {}

  reusify@1.1.0: {}

  rolldown-plugin-dts@0.16.8(@typescript/native-preview@7.0.0-dev.20250926.1)(rolldown@1.0.0-beta.40)(typescript@5.9.2):
    dependencies:
      '@babel/generator': 7.28.3
      '@babel/parser': 7.28.4
      '@babel/types': 7.28.4
      ast-kit: 2.1.2
      birpc: 2.6.1
      debug: 4.4.3
      dts-resolver: 2.1.2
      get-tsconfig: 4.10.1
      magic-string: 0.30.19
      rolldown: 1.0.0-beta.40
    optionalDependencies:
      '@typescript/native-preview': 7.0.0-dev.20250926.1
      typescript: 5.9.2
    transitivePeerDependencies:
      - oxc-resolver
      - supports-color

  rolldown@1.0.0-beta.40:
    dependencies:
      '@oxc-project/types': 0.92.0
      '@rolldown/pluginutils': 1.0.0-beta.40
      ansis: 4.1.0
    optionalDependencies:
      '@rolldown/binding-android-arm64': 1.0.0-beta.40
      '@rolldown/binding-darwin-arm64': 1.0.0-beta.40
      '@rolldown/binding-darwin-x64': 1.0.0-beta.40
      '@rolldown/binding-freebsd-x64': 1.0.0-beta.40
      '@rolldown/binding-linux-arm-gnueabihf': 1.0.0-beta.40
      '@rolldown/binding-linux-arm64-gnu': 1.0.0-beta.40
      '@rolldown/binding-linux-arm64-musl': 1.0.0-beta.40
      '@rolldown/binding-linux-x64-gnu': 1.0.0-beta.40
      '@rolldown/binding-linux-x64-musl': 1.0.0-beta.40
      '@rolldown/binding-openharmony-arm64': 1.0.0-beta.40
      '@rolldown/binding-wasm32-wasi': 1.0.0-beta.40
      '@rolldown/binding-win32-arm64-msvc': 1.0.0-beta.40
      '@rolldown/binding-win32-ia32-msvc': 1.0.0-beta.40
      '@rolldown/binding-win32-x64-msvc': 1.0.0-beta.40

  scule@1.3.0: {}

  semver@7.7.2: {}

  snappy@7.3.3:
    optionalDependencies:
      '@napi-rs/snappy-android-arm-eabi': 7.3.3
      '@napi-rs/snappy-android-arm64': 7.3.3
      '@napi-rs/snappy-darwin-arm64': 7.3.3
      '@napi-rs/snappy-darwin-x64': 7.3.3
      '@napi-rs/snappy-freebsd-x64': 7.3.3
      '@napi-rs/snappy-linux-arm-gnueabihf': 7.3.3
      '@napi-rs/snappy-linux-arm64-gnu': 7.3.3
      '@napi-rs/snappy-linux-arm64-musl': 7.3.3
      '@napi-rs/snappy-linux-ppc64-gnu': 7.3.3
      '@napi-rs/snappy-linux-riscv64-gnu': 7.3.3
      '@napi-rs/snappy-linux-s390x-gnu': 7.3.3
      '@napi-rs/snappy-linux-x64-gnu': 7.3.3
      '@napi-rs/snappy-linux-x64-musl': 7.3.3
      '@napi-rs/snappy-openharmony-arm64': 7.3.3
      '@napi-rs/snappy-wasm32-wasi': 7.3.3
      '@napi-rs/snappy-win32-arm64-msvc': 7.3.3
      '@napi-rs/snappy-win32-ia32-msvc': 7.3.3
      '@napi-rs/snappy-win32-x64-msvc': 7.3.3
    optional: true

  tinyexec@1.0.1: {}

  tinyglobby@0.2.15:
    dependencies:
      fdir: 6.5.0(picomatch@4.0.3)
      picomatch: 4.0.3

  tree-kill@1.2.2: {}

  tsdown@0.15.5(@typescript/native-preview@7.0.0-dev.20250926.1)(typescript@5.9.2):
    dependencies:
      ansis: 4.1.0
      cac: 6.7.14
      chokidar: 4.0.3
      debug: 4.4.3
      diff: 8.0.2
      empathic: 2.0.0
      hookable: 5.5.3
      rolldown: 1.0.0-beta.40
      rolldown-plugin-dts: 0.16.8(@typescript/native-preview@7.0.0-dev.20250926.1)(rolldown@1.0.0-beta.40)(typescript@5.9.2)
      semver: 7.7.2
      tinyexec: 1.0.1
      tinyglobby: 0.2.15
      tree-kill: 1.2.2
      unconfig: 7.3.3
    optionalDependencies:
      typescript: 5.9.2
    transitivePeerDependencies:
      - '@ts-macro/tsc'
      - '@typescript/native-preview'
      - oxc-resolver
      - supports-color
      - vue-tsc

  tslib@2.8.1:
    optional: true

  turbo-darwin-64@2.5.8:
    optional: true

  turbo-darwin-arm64@2.5.8:
    optional: true

  turbo-linux-64@2.5.8:
    optional: true

  turbo-linux-arm64@2.5.8:
    optional: true

  turbo-windows-64@2.5.8:
    optional: true

  turbo-windows-arm64@2.5.8:
    optional: true

  turbo@2.5.8:
    optionalDependencies:
      turbo-darwin-64: 2.5.8
      turbo-darwin-arm64: 2.5.8
      turbo-linux-64: 2.5.8
      turbo-linux-arm64: 2.5.8
      turbo-windows-64: 2.5.8
      turbo-windows-arm64: 2.5.8

  typescript@5.9.2:
    optional: true

  unconfig@7.3.3:
    dependencies:
      '@quansync/fs': 0.1.5
      defu: 6.1.4
      jiti: 2.6.0
      quansync: 0.2.11

  undici-types@7.12.0: {}

  zod@4.1.11: {}
